
Microsoft Visual Studio Solution File, Format Version 12.00
Project("{FAE04EC0-301F-11D3-BF4B-00C04F79EFBC}") = "Bankrupt", "Bankrupt\Bankrupt.csproj", "{184BF9FE-72AE-4B77-9044-5C3FEFBB25CF}"
EndProject
Global
	GlobalSection(SolutionConfigurationPlatforms) = preSolution
		Debug|Any CPU = Debug|Any CPU
		Release|Any CPU = Release|Any CPU
	EndGlobalSection
	GlobalSection(ProjectConfigurationPlatforms) = postSolution
		{184BF9FE-72AE-4B77-9044-5C3FEFBB25CF}.Debug|Any CPU.ActiveCfg = Debug|Any CPU
		{184BF9FE-72AE-4B77-9044-5C3FEFBB25CF}.Debug|Any CPU.Build.0 = Debug|Any CPU
		{184BF9FE-72AE-4B77-9044-5C3FEFBB25CF}.Release|Any CPU.ActiveCfg = Release|Any CPU
		{184BF9FE-72AE-4B77-9044-5C3FEFBB25CF}.Release|Any CPU.Build.0 = Release|Any CPU
	EndGlobalSection
EndGlobal
